
Microsoft Visual Studio Solution File, Format Version 12.00
# Visual Studio 2013
VisualStudioVersion = 12.0.40629.0
MinimumVisualStudioVersion = 10.0.40219.1
Project("{FAE04EC0-301F-11D3-BF4B-00C04F79EFBC}") = "015-forEachLoops", "ConsoleApplication1\015-forEachLoops.csproj", "{53EBFBF2-334E-4628-B44F-FF7217011708}"
EndProject
Project("{FAE04EC0-301F-11D3-BF4B-00C04F79EFBC}") = "014-doWhileLoop", "ConsoleApplication2\014-doWhileLoop.csproj", "{2AA40A20-2B9E-44D6-83DA-229860718C67}"
EndProject
Project("{FAE04EC0-301F-11D3-BF4B-00C04F79EFBC}") = "016-methods", "16-methods\016-methods.csproj", "{501773B1-72DB-47B4-9A3A-FF68FC6D0852}"
EndProject
Project("{FAE04EC0-301F-11D3-BF4B-00C04F79EFBC}") = "017-Methods parameters", "17-Methods parameters\017-Methods parameters.csproj", "{C16252A7-0A49-4A64-ACE2-701F8585B040}"
EndProject
Project("{FAE04EC0-301F-11D3-BF4B-00C04F79EFBC}") = "018-namespaces", "namespaces\018-namespaces.csproj", "{A9F08FB8-798F-4836-B724-FC1DBD868BBC}"
EndProject
Project("{FAE04EC0-301F-11D3-BF4B-00C04F79EFBC}") = "019-intro to classes", "019-intro to classes\019-intro to classes.csproj", "{57C06ECE-456F-4B80-A528-6BEFEF1BD595}"
EndProject
Project("{FAE04EC0-301F-11D3-BF4B-00C04F79EFBC}") = "020 Static and instance", "020 Static and instance\020 Static and instance.csproj", "{8C4CFB4F-69BF-4272-8AFD-5EE87FC0C481}"
EndProject
Project("{FAE04EC0-301F-11D3-BF4B-00C04F79EFBC}") = "021 - Inheritance", "021 - Inheritance\021 - Inheritance.csproj", "{551CC266-9C06-4FDA-B48E-0E3128994295}"
EndProject
Project("{FAE04EC0-301F-11D3-BF4B-00C04F79EFBC}") = "022 Method hiding", "022 Method hiding\022 Method hiding.csproj", "{EB3EEDA4-0E7B-4779-B7B7-618DCCA298E9}"
EndProject
Project("{FAE04EC0-301F-11D3-BF4B-00C04F79EFBC}") = "023 - Polymorphism", "023 - Polymorphism\023 - Polymorphism.csproj", "{F16A5777-1CE7-4A57-93A5-D215CBD69F2D}"
EndProject
Project("{FAE04EC0-301F-11D3-BF4B-00C04F79EFBC}") = "025 Method overloading", "025 Method overloading\025 Method overloading.csproj", "{22E522C6-4B0F-4907-85FD-73EE6C780D97}"
EndProject
Project("{FAE04EC0-301F-11D3-BF4B-00C04F79EFBC}") = "026 Why Properties", "026 Why Properties\026 Why Properties.csproj", "{C46F85DE-7930-4807-99A0-6ECF4AB0122A}"
EndProject
<<<<<<< HEAD
=======
Project("{FAE04EC0-301F-11D3-BF4B-00C04F79EFBC}") = "lambda", "lambda\lambda.csproj", "{2141C031-0BE3-4949-85A1-005F6EB78FEB}"
EndProject
Project("{FAE04EC0-301F-11D3-BF4B-00C04F79EFBC}") = "Syntax hints", "Syntax hints\Syntax hints.csproj", "{04AD4059-DA3F-4B64-9D44-1DD0F3A9E72F}"
EndProject
Project("{FAE04EC0-301F-11D3-BF4B-00C04F79EFBC}") = "PropertyEventsSample", "PropertyEventsSample\PropertyEventsSample.csproj", "{259F529E-3410-45DC-A31B-D8D0EACC9A74}"
EndProject
Project("{FAE04EC0-301F-11D3-BF4B-00C04F79EFBC}") = "ProgrammingGuide", "ProgrammingGuide\ProgrammingGuide.csproj", "{0C78E502-E58D-46EA-A165-413FC6DA1F5C}"
EndProject
Project("{FAE04EC0-301F-11D3-BF4B-00C04F79EFBC}") = "Paths", "Paths\Paths.csproj", "{02F90126-619D-4E5B-A1B0-2EBF103320CF}"
EndProject
Project("{FAE04EC0-301F-11D3-BF4B-00C04F79EFBC}") = "Parses", "Parses\Parses.csproj", "{34959A08-DC33-4993-B087-5158034C09BB}"
EndProject
Project("{FAE04EC0-301F-11D3-BF4B-00C04F79EFBC}") = "Lists", "Lists\Lists.csproj", "{DF40A44A-72F3-417D-BD1C-9D7709E01E5C}"
EndProject
Project("{FAE04EC0-301F-11D3-BF4B-00C04F79EFBC}") = "Enumeration Types", "Enumeration Types\Enumeration Types.csproj", "{5811AADD-72D0-4613-AC04-EBB8CD2562A4}"
EndProject
Project("{FAE04EC0-301F-11D3-BF4B-00C04F79EFBC}") = "DateTime format", "DateTime format\DateTime format.csproj", "{87560F79-111A-43FC-950E-788A48B8F912}"
EndProject
Project("{FAE04EC0-301F-11D3-BF4B-00C04F79EFBC}") = "DataTable", "DataTable\DataTable.csproj", "{53D667A5-27D4-4563-8F1F-88CFAEAA73CA}"
EndProject
Project("{FAE04EC0-301F-11D3-BF4B-00C04F79EFBC}") = "WebApplication1", "WebApplication1\WebApplication1.csproj", "{1C63421D-CD68-4C6B-BC56-4A1416211929}"
EndProject
Project("{FAE04EC0-301F-11D3-BF4B-00C04F79EFBC}") = "dotnetperls", "dotnetperls\dotnetperls.csproj", "{3C82CA2A-FBCD-46E2-A224-9F0B57EC2933}"
EndProject
Project("{FAE04EC0-301F-11D3-BF4B-00C04F79EFBC}") = "036 delegates", "036 delegates\036 delegates.csproj", "{2760EF1C-6128-43EB-995C-A06C3851258A}"
EndProject
Project("{FAE04EC0-301F-11D3-BF4B-00C04F79EFBC}") = "035 multiple class inheritance using interfaces", "035 multiple class inheritance using interfaces\035 multiple class inheritance using interfaces.csproj", "{00DBF894-92E3-420E-A37B-0E7C2D583093}"
EndProject
Project("{FAE04EC0-301F-11D3-BF4B-00C04F79EFBC}") = "033 abstract vs interfaces", "033 abstract vs interfaces\033 abstract vs interfaces.csproj", "{B443AA7A-F464-40E5-AD3B-6C90011005FB}"
EndProject
Project("{FAE04EC0-301F-11D3-BF4B-00C04F79EFBC}") = "032 Abstract classes", "032 Abstract classes\032 Abstract classes.csproj", "{0C788D3A-55EE-4926-BAA8-E94D0B2A85B7}"
EndProject
Project("{FAE04EC0-301F-11D3-BF4B-00C04F79EFBC}") = "031 explicit interface implementation", "031 explicit interface implementation\031 explicit interface implementation.csproj", "{9FD91961-82E9-46FC-BFBB-1DC7DA3DDAD9}"
EndProject
Project("{FAE04EC0-301F-11D3-BF4B-00C04F79EFBC}") = "030 interfaces", "030 interfaces\030 interfaces.csproj", "{230FBAA7-3250-4C98-BC1C-3BF38498A049}"
EndProject
Project("{FAE04EC0-301F-11D3-BF4B-00C04F79EFBC}") = "028 Structs", "028 Structs\028 Structs.csproj", "{EB356CDE-651E-4DFA-B197-0B215F8CD373}"
EndProject
Project("{FAE04EC0-301F-11D3-BF4B-00C04F79EFBC}") = "Constants", "Constants\Constants.csproj", "{5F1F85F6-CF01-4407-9BCF-3B8E5DF90083}"
EndProject
>>>>>>> 0dc5801c9bb1ac7f99ccf7ff2f8efdf9834dc1d0
Global
	GlobalSection(SolutionConfigurationPlatforms) = preSolution
		Debug|Any CPU = Debug|Any CPU
		Release|Any CPU = Release|Any CPU
	EndGlobalSection
	GlobalSection(ProjectConfigurationPlatforms) = postSolution
		{53EBFBF2-334E-4628-B44F-FF7217011708}.Debug|Any CPU.ActiveCfg = Debug|Any CPU
		{53EBFBF2-334E-4628-B44F-FF7217011708}.Debug|Any CPU.Build.0 = Debug|Any CPU
		{53EBFBF2-334E-4628-B44F-FF7217011708}.Release|Any CPU.ActiveCfg = Release|Any CPU
		{53EBFBF2-334E-4628-B44F-FF7217011708}.Release|Any CPU.Build.0 = Release|Any CPU
		{2AA40A20-2B9E-44D6-83DA-229860718C67}.Debug|Any CPU.ActiveCfg = Debug|Any CPU
		{2AA40A20-2B9E-44D6-83DA-229860718C67}.Debug|Any CPU.Build.0 = Debug|Any CPU
		{2AA40A20-2B9E-44D6-83DA-229860718C67}.Release|Any CPU.ActiveCfg = Release|Any CPU
		{2AA40A20-2B9E-44D6-83DA-229860718C67}.Release|Any CPU.Build.0 = Release|Any CPU
		{501773B1-72DB-47B4-9A3A-FF68FC6D0852}.Debug|Any CPU.ActiveCfg = Debug|Any CPU
		{501773B1-72DB-47B4-9A3A-FF68FC6D0852}.Debug|Any CPU.Build.0 = Debug|Any CPU
		{501773B1-72DB-47B4-9A3A-FF68FC6D0852}.Release|Any CPU.ActiveCfg = Release|Any CPU
		{501773B1-72DB-47B4-9A3A-FF68FC6D0852}.Release|Any CPU.Build.0 = Release|Any CPU
		{C16252A7-0A49-4A64-ACE2-701F8585B040}.Debug|Any CPU.ActiveCfg = Debug|Any CPU
		{C16252A7-0A49-4A64-ACE2-701F8585B040}.Debug|Any CPU.Build.0 = Debug|Any CPU
		{C16252A7-0A49-4A64-ACE2-701F8585B040}.Release|Any CPU.ActiveCfg = Release|Any CPU
		{C16252A7-0A49-4A64-ACE2-701F8585B040}.Release|Any CPU.Build.0 = Release|Any CPU
		{A9F08FB8-798F-4836-B724-FC1DBD868BBC}.Debug|Any CPU.ActiveCfg = Debug|Any CPU
		{A9F08FB8-798F-4836-B724-FC1DBD868BBC}.Debug|Any CPU.Build.0 = Debug|Any CPU
		{A9F08FB8-798F-4836-B724-FC1DBD868BBC}.Release|Any CPU.ActiveCfg = Release|Any CPU
		{A9F08FB8-798F-4836-B724-FC1DBD868BBC}.Release|Any CPU.Build.0 = Release|Any CPU
		{57C06ECE-456F-4B80-A528-6BEFEF1BD595}.Debug|Any CPU.ActiveCfg = Debug|Any CPU
		{57C06ECE-456F-4B80-A528-6BEFEF1BD595}.Debug|Any CPU.Build.0 = Debug|Any CPU
		{57C06ECE-456F-4B80-A528-6BEFEF1BD595}.Release|Any CPU.ActiveCfg = Release|Any CPU
		{57C06ECE-456F-4B80-A528-6BEFEF1BD595}.Release|Any CPU.Build.0 = Release|Any CPU
		{8C4CFB4F-69BF-4272-8AFD-5EE87FC0C481}.Debug|Any CPU.ActiveCfg = Debug|Any CPU
		{8C4CFB4F-69BF-4272-8AFD-5EE87FC0C481}.Debug|Any CPU.Build.0 = Debug|Any CPU
		{8C4CFB4F-69BF-4272-8AFD-5EE87FC0C481}.Release|Any CPU.ActiveCfg = Release|Any CPU
		{8C4CFB4F-69BF-4272-8AFD-5EE87FC0C481}.Release|Any CPU.Build.0 = Release|Any CPU
		{551CC266-9C06-4FDA-B48E-0E3128994295}.Debug|Any CPU.ActiveCfg = Debug|Any CPU
		{551CC266-9C06-4FDA-B48E-0E3128994295}.Debug|Any CPU.Build.0 = Debug|Any CPU
		{551CC266-9C06-4FDA-B48E-0E3128994295}.Release|Any CPU.ActiveCfg = Release|Any CPU
		{551CC266-9C06-4FDA-B48E-0E3128994295}.Release|Any CPU.Build.0 = Release|Any CPU
		{EB3EEDA4-0E7B-4779-B7B7-618DCCA298E9}.Debug|Any CPU.ActiveCfg = Debug|Any CPU
		{EB3EEDA4-0E7B-4779-B7B7-618DCCA298E9}.Debug|Any CPU.Build.0 = Debug|Any CPU
		{EB3EEDA4-0E7B-4779-B7B7-618DCCA298E9}.Release|Any CPU.ActiveCfg = Release|Any CPU
		{EB3EEDA4-0E7B-4779-B7B7-618DCCA298E9}.Release|Any CPU.Build.0 = Release|Any CPU
		{F16A5777-1CE7-4A57-93A5-D215CBD69F2D}.Debug|Any CPU.ActiveCfg = Debug|Any CPU
		{F16A5777-1CE7-4A57-93A5-D215CBD69F2D}.Debug|Any CPU.Build.0 = Debug|Any CPU
		{F16A5777-1CE7-4A57-93A5-D215CBD69F2D}.Release|Any CPU.ActiveCfg = Release|Any CPU
		{F16A5777-1CE7-4A57-93A5-D215CBD69F2D}.Release|Any CPU.Build.0 = Release|Any CPU
		{22E522C6-4B0F-4907-85FD-73EE6C780D97}.Debug|Any CPU.ActiveCfg = Debug|Any CPU
		{22E522C6-4B0F-4907-85FD-73EE6C780D97}.Debug|Any CPU.Build.0 = Debug|Any CPU
		{22E522C6-4B0F-4907-85FD-73EE6C780D97}.Release|Any CPU.ActiveCfg = Release|Any CPU
		{22E522C6-4B0F-4907-85FD-73EE6C780D97}.Release|Any CPU.Build.0 = Release|Any CPU
		{C46F85DE-7930-4807-99A0-6ECF4AB0122A}.Debug|Any CPU.ActiveCfg = Debug|Any CPU
		{C46F85DE-7930-4807-99A0-6ECF4AB0122A}.Debug|Any CPU.Build.0 = Debug|Any CPU
		{C46F85DE-7930-4807-99A0-6ECF4AB0122A}.Release|Any CPU.ActiveCfg = Release|Any CPU
		{C46F85DE-7930-4807-99A0-6ECF4AB0122A}.Release|Any CPU.Build.0 = Release|Any CPU
<<<<<<< HEAD
=======
		{2141C031-0BE3-4949-85A1-005F6EB78FEB}.Debug|Any CPU.ActiveCfg = Debug|Any CPU
		{2141C031-0BE3-4949-85A1-005F6EB78FEB}.Debug|Any CPU.Build.0 = Debug|Any CPU
		{2141C031-0BE3-4949-85A1-005F6EB78FEB}.Release|Any CPU.ActiveCfg = Release|Any CPU
		{2141C031-0BE3-4949-85A1-005F6EB78FEB}.Release|Any CPU.Build.0 = Release|Any CPU
		{04AD4059-DA3F-4B64-9D44-1DD0F3A9E72F}.Debug|Any CPU.ActiveCfg = Debug|Any CPU
		{04AD4059-DA3F-4B64-9D44-1DD0F3A9E72F}.Debug|Any CPU.Build.0 = Debug|Any CPU
		{04AD4059-DA3F-4B64-9D44-1DD0F3A9E72F}.Release|Any CPU.ActiveCfg = Release|Any CPU
		{04AD4059-DA3F-4B64-9D44-1DD0F3A9E72F}.Release|Any CPU.Build.0 = Release|Any CPU
		{259F529E-3410-45DC-A31B-D8D0EACC9A74}.Debug|Any CPU.ActiveCfg = Debug|Any CPU
		{259F529E-3410-45DC-A31B-D8D0EACC9A74}.Debug|Any CPU.Build.0 = Debug|Any CPU
		{259F529E-3410-45DC-A31B-D8D0EACC9A74}.Release|Any CPU.ActiveCfg = Release|Any CPU
		{259F529E-3410-45DC-A31B-D8D0EACC9A74}.Release|Any CPU.Build.0 = Release|Any CPU
		{0C78E502-E58D-46EA-A165-413FC6DA1F5C}.Debug|Any CPU.ActiveCfg = Debug|Any CPU
		{0C78E502-E58D-46EA-A165-413FC6DA1F5C}.Debug|Any CPU.Build.0 = Debug|Any CPU
		{0C78E502-E58D-46EA-A165-413FC6DA1F5C}.Release|Any CPU.ActiveCfg = Release|Any CPU
		{0C78E502-E58D-46EA-A165-413FC6DA1F5C}.Release|Any CPU.Build.0 = Release|Any CPU
		{02F90126-619D-4E5B-A1B0-2EBF103320CF}.Debug|Any CPU.ActiveCfg = Debug|Any CPU
		{02F90126-619D-4E5B-A1B0-2EBF103320CF}.Debug|Any CPU.Build.0 = Debug|Any CPU
		{02F90126-619D-4E5B-A1B0-2EBF103320CF}.Release|Any CPU.ActiveCfg = Release|Any CPU
		{02F90126-619D-4E5B-A1B0-2EBF103320CF}.Release|Any CPU.Build.0 = Release|Any CPU
		{34959A08-DC33-4993-B087-5158034C09BB}.Debug|Any CPU.ActiveCfg = Debug|Any CPU
		{34959A08-DC33-4993-B087-5158034C09BB}.Debug|Any CPU.Build.0 = Debug|Any CPU
		{34959A08-DC33-4993-B087-5158034C09BB}.Release|Any CPU.ActiveCfg = Release|Any CPU
		{34959A08-DC33-4993-B087-5158034C09BB}.Release|Any CPU.Build.0 = Release|Any CPU
		{DF40A44A-72F3-417D-BD1C-9D7709E01E5C}.Debug|Any CPU.ActiveCfg = Debug|Any CPU
		{DF40A44A-72F3-417D-BD1C-9D7709E01E5C}.Debug|Any CPU.Build.0 = Debug|Any CPU
		{DF40A44A-72F3-417D-BD1C-9D7709E01E5C}.Release|Any CPU.ActiveCfg = Release|Any CPU
		{DF40A44A-72F3-417D-BD1C-9D7709E01E5C}.Release|Any CPU.Build.0 = Release|Any CPU
		{5811AADD-72D0-4613-AC04-EBB8CD2562A4}.Debug|Any CPU.ActiveCfg = Debug|Any CPU
		{5811AADD-72D0-4613-AC04-EBB8CD2562A4}.Debug|Any CPU.Build.0 = Debug|Any CPU
		{5811AADD-72D0-4613-AC04-EBB8CD2562A4}.Release|Any CPU.ActiveCfg = Release|Any CPU
		{5811AADD-72D0-4613-AC04-EBB8CD2562A4}.Release|Any CPU.Build.0 = Release|Any CPU
		{87560F79-111A-43FC-950E-788A48B8F912}.Debug|Any CPU.ActiveCfg = Debug|Any CPU
		{87560F79-111A-43FC-950E-788A48B8F912}.Debug|Any CPU.Build.0 = Debug|Any CPU
		{87560F79-111A-43FC-950E-788A48B8F912}.Release|Any CPU.ActiveCfg = Release|Any CPU
		{87560F79-111A-43FC-950E-788A48B8F912}.Release|Any CPU.Build.0 = Release|Any CPU
		{53D667A5-27D4-4563-8F1F-88CFAEAA73CA}.Debug|Any CPU.ActiveCfg = Debug|Any CPU
		{53D667A5-27D4-4563-8F1F-88CFAEAA73CA}.Debug|Any CPU.Build.0 = Debug|Any CPU
		{53D667A5-27D4-4563-8F1F-88CFAEAA73CA}.Release|Any CPU.ActiveCfg = Release|Any CPU
		{53D667A5-27D4-4563-8F1F-88CFAEAA73CA}.Release|Any CPU.Build.0 = Release|Any CPU
		{1C63421D-CD68-4C6B-BC56-4A1416211929}.Debug|Any CPU.ActiveCfg = Debug|Any CPU
		{1C63421D-CD68-4C6B-BC56-4A1416211929}.Debug|Any CPU.Build.0 = Debug|Any CPU
		{1C63421D-CD68-4C6B-BC56-4A1416211929}.Release|Any CPU.ActiveCfg = Release|Any CPU
		{1C63421D-CD68-4C6B-BC56-4A1416211929}.Release|Any CPU.Build.0 = Release|Any CPU
		{3C82CA2A-FBCD-46E2-A224-9F0B57EC2933}.Debug|Any CPU.ActiveCfg = Debug|Any CPU
		{3C82CA2A-FBCD-46E2-A224-9F0B57EC2933}.Debug|Any CPU.Build.0 = Debug|Any CPU
		{3C82CA2A-FBCD-46E2-A224-9F0B57EC2933}.Release|Any CPU.ActiveCfg = Release|Any CPU
		{3C82CA2A-FBCD-46E2-A224-9F0B57EC2933}.Release|Any CPU.Build.0 = Release|Any CPU
		{2760EF1C-6128-43EB-995C-A06C3851258A}.Debug|Any CPU.ActiveCfg = Debug|Any CPU
		{2760EF1C-6128-43EB-995C-A06C3851258A}.Debug|Any CPU.Build.0 = Debug|Any CPU
		{2760EF1C-6128-43EB-995C-A06C3851258A}.Release|Any CPU.ActiveCfg = Release|Any CPU
		{2760EF1C-6128-43EB-995C-A06C3851258A}.Release|Any CPU.Build.0 = Release|Any CPU
		{00DBF894-92E3-420E-A37B-0E7C2D583093}.Debug|Any CPU.ActiveCfg = Debug|Any CPU
		{00DBF894-92E3-420E-A37B-0E7C2D583093}.Debug|Any CPU.Build.0 = Debug|Any CPU
		{00DBF894-92E3-420E-A37B-0E7C2D583093}.Release|Any CPU.ActiveCfg = Release|Any CPU
		{00DBF894-92E3-420E-A37B-0E7C2D583093}.Release|Any CPU.Build.0 = Release|Any CPU
		{B443AA7A-F464-40E5-AD3B-6C90011005FB}.Debug|Any CPU.ActiveCfg = Debug|Any CPU
		{B443AA7A-F464-40E5-AD3B-6C90011005FB}.Debug|Any CPU.Build.0 = Debug|Any CPU
		{B443AA7A-F464-40E5-AD3B-6C90011005FB}.Release|Any CPU.ActiveCfg = Release|Any CPU
		{B443AA7A-F464-40E5-AD3B-6C90011005FB}.Release|Any CPU.Build.0 = Release|Any CPU
		{0C788D3A-55EE-4926-BAA8-E94D0B2A85B7}.Debug|Any CPU.ActiveCfg = Debug|Any CPU
		{0C788D3A-55EE-4926-BAA8-E94D0B2A85B7}.Debug|Any CPU.Build.0 = Debug|Any CPU
		{0C788D3A-55EE-4926-BAA8-E94D0B2A85B7}.Release|Any CPU.ActiveCfg = Release|Any CPU
		{0C788D3A-55EE-4926-BAA8-E94D0B2A85B7}.Release|Any CPU.Build.0 = Release|Any CPU
		{9FD91961-82E9-46FC-BFBB-1DC7DA3DDAD9}.Debug|Any CPU.ActiveCfg = Debug|Any CPU
		{9FD91961-82E9-46FC-BFBB-1DC7DA3DDAD9}.Debug|Any CPU.Build.0 = Debug|Any CPU
		{9FD91961-82E9-46FC-BFBB-1DC7DA3DDAD9}.Release|Any CPU.ActiveCfg = Release|Any CPU
		{9FD91961-82E9-46FC-BFBB-1DC7DA3DDAD9}.Release|Any CPU.Build.0 = Release|Any CPU
		{230FBAA7-3250-4C98-BC1C-3BF38498A049}.Debug|Any CPU.ActiveCfg = Debug|Any CPU
		{230FBAA7-3250-4C98-BC1C-3BF38498A049}.Debug|Any CPU.Build.0 = Debug|Any CPU
		{230FBAA7-3250-4C98-BC1C-3BF38498A049}.Release|Any CPU.ActiveCfg = Release|Any CPU
		{230FBAA7-3250-4C98-BC1C-3BF38498A049}.Release|Any CPU.Build.0 = Release|Any CPU
		{EB356CDE-651E-4DFA-B197-0B215F8CD373}.Debug|Any CPU.ActiveCfg = Debug|Any CPU
		{EB356CDE-651E-4DFA-B197-0B215F8CD373}.Debug|Any CPU.Build.0 = Debug|Any CPU
		{EB356CDE-651E-4DFA-B197-0B215F8CD373}.Release|Any CPU.ActiveCfg = Release|Any CPU
		{EB356CDE-651E-4DFA-B197-0B215F8CD373}.Release|Any CPU.Build.0 = Release|Any CPU
		{5F1F85F6-CF01-4407-9BCF-3B8E5DF90083}.Debug|Any CPU.ActiveCfg = Debug|Any CPU
		{5F1F85F6-CF01-4407-9BCF-3B8E5DF90083}.Debug|Any CPU.Build.0 = Debug|Any CPU
		{5F1F85F6-CF01-4407-9BCF-3B8E5DF90083}.Release|Any CPU.ActiveCfg = Release|Any CPU
		{5F1F85F6-CF01-4407-9BCF-3B8E5DF90083}.Release|Any CPU.Build.0 = Release|Any CPU
>>>>>>> 0dc5801c9bb1ac7f99ccf7ff2f8efdf9834dc1d0
	EndGlobalSection
	GlobalSection(SolutionProperties) = preSolution
		HideSolutionNode = FALSE
	EndGlobalSection
EndGlobal
